{
    "name": "@points/shared",
    "version": "0.0.2",
    "lockfileVersion": 1,
    "requires": true,
    "dependencies": {
        "class-validator": {
            "version": "0.8.5",
            "resolved": "https://registry.npmjs.org/class-validator/-/class-validator-0.8.5.tgz",
            "integrity": "sha512-84yezRo44aP4oGhvPmqj6obAFQF1NzUyfR0+f8jubzdAspO5pmjpHhBBlPf335epUskzXAFe5uo4Qf+c7SI+DA==",
            "requires": {
                "validator": "9.2.0"
            }
        },
        "typescript": {
            "version": "2.9.1",
            "resolved": "https://registry.npmjs.org/typescript/-/typescript-2.9.1.tgz",
            "integrity": "sha512-h6pM2f/GDchCFlldnriOhs1QHuwbnmj6/v7499eMHqPeW4V2G0elua2eIc2nu8v2NdHV0Gm+tzX83Hr6nUFjQA=="
        },
        "validator": {
            "version": "9.2.0",
            "resolved": "https://registry.npmjs.org/validator/-/validator-9.2.0.tgz",
            "integrity": "sha512-6Ij4Eo0KM4LkR0d0IegOwluG5453uqT5QyF5SV5Ezvm8/zmkKI/L4eoraafZGlZPC9guLkwKzgypcw8VGWWnGA=="
        }
    }
}
