{
    "name": "@points/shared",
    "version": "0.0.2",
    "lockfileVersion": 1,
    "requires": true,
    "dependencies": {
        "@types/validator": {
            "version": "13.7.10",
            "resolved": "https://registry.npmjs.org/@types/validator/-/validator-13.7.10.tgz",
            "integrity": "sha512-t1yxFAR2n0+VO6hd/FJ9F2uezAZVWHLmpmlJzm1eX03+H7+HsuTAp7L8QJs+2pQCfWkP1+EXsGK9Z9v7o/qPVQ=="
        },
        "class-validator": {
            "version": "0.14.0",
            "resolved": "https://registry.npmjs.org/class-validator/-/class-validator-0.14.0.tgz",
            "integrity": "sha512-ct3ltplN8I9fOwUd8GrP8UQixwff129BkEtuWDKL5W45cQuLd19xqmTLu5ge78YDm/fdje6FMt0hGOhl0lii3A==",
            "requires": {
                "@types/validator": "^13.7.10",
                "libphonenumber-js": "^1.10.14",
                "validator": "^13.7.0"
            }
        },
        "libphonenumber-js": {
            "version": "1.10.18",
            "resolved": "https://registry.npmjs.org/libphonenumber-js/-/libphonenumber-js-1.10.18.tgz",
            "integrity": "sha512-NS4ZEgNhwbcPz1gfSXCGFnQm0xEiyTSPRthIuWytDzOiEG9xnZ2FbLyfJC4tI2BMAAXpoWbNxHYH75pa3Dq9og=="
        },
        "typescript": {
            "version": "2.9.1",
            "resolved": "https://registry.npmjs.org/typescript/-/typescript-2.9.1.tgz",
            "integrity": "sha512-h6pM2f/GDchCFlldnriOhs1QHuwbnmj6/v7499eMHqPeW4V2G0elua2eIc2nu8v2NdHV0Gm+tzX83Hr6nUFjQA=="
        },
        "validator": {
            "version": "13.7.0",
            "resolved": "https://registry.npmjs.org/validator/-/validator-13.7.0.tgz",
            "integrity": "sha512-nYXQLCBkpJ8X6ltALua9dRrZDHVYxjJ1wgskNt1lH9fzGjs3tgojGSCBjmEPwkWS1y29+DrizMTW19Pr9uB2nw=="
        }
    }
}
