# THIS IS AN AUTOGENERATED FILE. DO NOT EDIT THIS FILE DIRECTLY.
# yarn lockfile v1


"@types/validator@^13.7.10":
  version "13.7.10"
  resolved "https://registry.yarnpkg.com/@types/validator/-/validator-13.7.10.tgz#f9763dc0933f8324920afa9c0790308eedf55ca7"
  integrity sha512-t1yxFAR2n0+VO6hd/FJ9F2uezAZVWHLmpmlJzm1eX03+H7+HsuTAp7L8QJs+2pQCfWkP1+EXsGK9Z9v7o/qPVQ==

class-validator@^0.14.0:
  version "0.14.0"
  resolved "https://registry.yarnpkg.com/class-validator/-/class-validator-0.14.0.tgz#40ed0ecf3c83b2a8a6a320f4edb607be0f0df159"
  integrity sha512-ct3ltplN8I9fOwUd8GrP8UQixwff129BkEtuWDKL5W45cQuLd19xqmTLu5ge78YDm/fdje6FMt0hGOhl0lii3A==
  dependencies:
    "@types/validator" "^13.7.10"
    libphonenumber-js "^1.10.14"
    validator "^13.7.0"

libphonenumber-js@^1.10.14:
  version "1.10.18"
  resolved "https://registry.yarnpkg.com/libphonenumber-js/-/libphonenumber-js-1.10.18.tgz#657c419071c8a02c638c0e80d9ee1232f152f280"
  integrity sha512-NS4ZEgNhwbcPz1gfSXCGFnQm0xEiyTSPRthIuWytDzOiEG9xnZ2FbLyfJC4tI2BMAAXpoWbNxHYH75pa3Dq9og==

typescript@^2.9.1:
  version "2.9.2"
  resolved "https://registry.yarnpkg.com/typescript/-/typescript-2.9.2.tgz#1cbf61d05d6b96269244eb6a3bce4bd914e0f00c"
  integrity sha512-Gr4p6nFNaoufRIY4NMdpQRNmgxVIGMs4Fcu/ujdYk3nAZqk7supzBE9idmvfZIlH/Cuj//dvi+019qEue9lV0w==

validator@^13.7.0:
  version "13.7.0"
  resolved "https://registry.yarnpkg.com/validator/-/validator-13.7.0.tgz#4f9658ba13ba8f3d82ee881d3516489ea85c0857"
  integrity sha512-nYXQLCBkpJ8X6ltALua9dRrZDHVYxjJ1wgskNt1lH9fzGjs3tgojGSCBjmEPwkWS1y29+DrizMTW19Pr9uB2nw==
