# THIS IS AN AUTOGENERATED FILE. DO NOT EDIT THIS FILE DIRECTLY.
# yarn lockfile v1


class-validator@^0.8.1:
  version "0.8.5"
  resolved "https://registry.yarnpkg.com/class-validator/-/class-validator-0.8.5.tgz#484785acda98f68549c3a84dc1bb2f77b736dc58"
  integrity sha512-84yezRo44aP4oGhvPmqj6obAFQF1NzUyfR0+f8jubzdAspO5pmjpHhBBlPf335epUskzXAFe5uo4Qf+c7SI+DA==
  dependencies:
    validator "9.2.0"

typescript@^2.9.1:
  version "2.9.2"
  resolved "https://registry.yarnpkg.com/typescript/-/typescript-2.9.2.tgz#1cbf61d05d6b96269244eb6a3bce4bd914e0f00c"
  integrity sha512-Gr4p6nFNaoufRIY4NMdpQRNmgxVIGMs4Fcu/ujdYk3nAZqk7supzBE9idmvfZIlH/Cuj//dvi+019qEue9lV0w==

validator@9.2.0:
  version "9.2.0"
  resolved "https://registry.yarnpkg.com/validator/-/validator-9.2.0.tgz#ad216eed5f37cac31a6fe00ceab1f6b88bded03e"
  integrity sha512-6Ij4Eo0KM4LkR0d0IegOwluG5453uqT5QyF5SV5Ezvm8/zmkKI/L4eoraafZGlZPC9guLkwKzgypcw8VGWWnGA==
